// !$*UTF8*$!
{
	archiveVersion = 1;
	classes = {
	};
	objectVersion = 56;
	objects = {

/* Begin PBXBuildFile section */
		55B74AFF2A735C4100173A79 /* payment.swift in Sources */ = {isa = PBXBuildFile; fileRef = 55B74AFE2A735C4100173A79 /* payment.swift */; };
		FB01E4E92A6E0DE4002956FD /* main.swift in Sources */ = {isa = PBXBuildFile; fileRef = FB01E4E82A6E0DE4002956FD /* main.swift */; };
		FB01E4F02A6E4E3A002956FD /* burgers.swift in Sources */ = {isa = PBXBuildFile; fileRef = FB01E4EF2A6E4E3A002956FD /* burgers.swift */; };
		FB01E4F22A6E520C002956FD /* Goods.swift in Sources */ = {isa = PBXBuildFile; fileRef = FB01E4F12A6E520C002956FD /* Goods.swift */; };
		FB01E4F52A6E5559002956FD /* Menu.swift in Sources */ = {isa = PBXBuildFile; fileRef = FB01E4F42A6E5559002956FD /* Menu.swift */; };
		FB463C432A71F7CA00627D09 /* drinks.swift in Sources */ = {isa = PBXBuildFile; fileRef = FB463C402A71F7CA00627D09 /* drinks.swift */; };
		FB463C442A71F7CA00627D09 /* beers.swift in Sources */ = {isa = PBXBuildFile; fileRef = FB463C412A71F7CA00627D09 /* beers.swift */; };
		FB463C452A71F7CA00627D09 /* Frozens.swift in Sources */ = {isa = PBXBuildFile; fileRef = FB463C422A71F7CA00627D09 /* Frozens.swift */; };
/* End PBXBuildFile section */

/* Begin PBXCopyFilesBuildPhase section */
		FB01E4E32A6E0DE4002956FD /* CopyFiles */ = {
			isa = PBXCopyFilesBuildPhase;
			buildActionMask = 2147483647;
			dstPath = /usr/share/man/man1/;
			dstSubfolderSpec = 0;
			files = (
			);
			runOnlyForDeploymentPostprocessing = 1;
		};
/* End PBXCopyFilesBuildPhase section */

/* Begin PBXFileReference section */
		55B74AFE2A735C4100173A79 /* payment.swift */ = {isa = PBXFileReference; lastKnownFileType = sourcecode.swift; path = payment.swift; sourceTree = "<group>"; };
		FB01E4E52A6E0DE4002956FD /* kiosk_teamProject */ = {isa = PBXFileReference; explicitFileType = "compiled.mach-o.executable"; includeInIndex = 0; path = kiosk_teamProject; sourceTree = BUILT_PRODUCTS_DIR; };
		FB01E4E82A6E0DE4002956FD /* main.swift */ = {isa = PBXFileReference; lastKnownFileType = sourcecode.swift; path = main.swift; sourceTree = "<group>"; };
		FB01E4EF2A6E4E3A002956FD /* burgers.swift */ = {isa = PBXFileReference; lastKnownFileType = sourcecode.swift; path = burgers.swift; sourceTree = "<group>"; };
		FB01E4F12A6E520C002956FD /* Goods.swift */ = {isa = PBXFileReference; lastKnownFileType = sourcecode.swift; path = Goods.swift; sourceTree = "<group>"; };
		FB01E4F42A6E5559002956FD /* Menu.swift */ = {isa = PBXFileReference; lastKnownFileType = sourcecode.swift; path = Menu.swift; sourceTree = "<group>"; };
		FB463C402A71F7CA00627D09 /* drinks.swift */ = {isa = PBXFileReference; fileEncoding = 4; lastKnownFileType = sourcecode.swift; path = drinks.swift; sourceTree = "<group>"; };
		FB463C412A71F7CA00627D09 /* beers.swift */ = {isa = PBXFileReference; fileEncoding = 4; lastKnownFileType = sourcecode.swift; path = beers.swift; sourceTree = "<group>"; };
		FB463C422A71F7CA00627D09 /* Frozens.swift */ = {isa = PBXFileReference; fileEncoding = 4; lastKnownFileType = sourcecode.swift; path = Frozens.swift; sourceTree = "<group>"; };
/* End PBXFileReference section */

/* Begin PBXFrameworksBuildPhase section */
		FB01E4E22A6E0DE4002956FD /* Frameworks */ = {
			isa = PBXFrameworksBuildPhase;
			buildActionMask = 2147483647;
			files = (
			);
			runOnlyForDeploymentPostprocessing = 0;
		};
/* End PBXFrameworksBuildPhase section */

/* Begin PBXGroup section */
		FB01E4DC2A6E0DE4002956FD = {
			isa = PBXGroup;
			children = (
				FB01E4E72A6E0DE4002956FD /* kiosk_teamProject */,
				FB01E4E62A6E0DE4002956FD /* Products */,
			);
			sourceTree = "<group>";
		};
		FB01E4E62A6E0DE4002956FD /* Products */ = {
			isa = PBXGroup;
			children = (
				FB01E4E52A6E0DE4002956FD /* kiosk_teamProject */,
			);
			name = Products;
			sourceTree = "<group>";
		};
		FB01E4E72A6E0DE4002956FD /* kiosk_teamProject */ = {
			isa = PBXGroup;
			children = (
				FB01E4F32A6E527F002956FD /* model */,
				FB01E4E82A6E0DE4002956FD /* main.swift */,
				FB01E4EF2A6E4E3A002956FD /* burgers.swift */,
				FB463C412A71F7CA00627D09 /* beers.swift */,
				FB463C402A71F7CA00627D09 /* drinks.swift */,
				FB463C422A71F7CA00627D09 /* Frozens.swift */,
			);
			path = kiosk_teamProject;
			sourceTree = "<group>";
		};
		FB01E4F32A6E527F002956FD /* model */ = {
			isa = PBXGroup;
			children = (
				FB01E4F12A6E520C002956FD /* Goods.swift */,
				FB01E4F42A6E5559002956FD /* Menu.swift */,
				55B74AFE2A735C4100173A79 /* payment.swift */,
			);
			name = model;
			sourceTree = "<group>";
		};
/* End PBXGroup section */

/* Begin PBXNativeTarget section */
		FB01E4E42A6E0DE4002956FD /* kiosk_teamProject */ = {
			isa = PBXNativeTarget;
			buildConfigurationList = FB01E4EC2A6E0DE4002956FD /* Build configuration list for PBXNativeTarget "kiosk_teamProject" */;
			buildPhases = (
				FB01E4E12A6E0DE4002956FD /* Sources */,
				FB01E4E22A6E0DE4002956FD /* Frameworks */,
				FB01E4E32A6E0DE4002956FD /* CopyFiles */,
			);
			buildRules = (
			);
			dependencies = (
			);
			name = kiosk_teamProject;
			productName = kiosk_teamProject;
			productReference = FB01E4E52A6E0DE4002956FD /* kiosk_teamProject */;
			productType = "com.apple.product-type.tool";
		};
/* End PBXNativeTarget section */

/* Begin PBXProject section */
		FB01E4DD2A6E0DE4002956FD /* Project object */ = {
			isa = PBXProject;
			attributes = {
				BuildIndependentTargetsInParallel = 1;
				LastSwiftUpdateCheck = 1430;
				LastUpgradeCheck = 1430;
				TargetAttributes = {
					FB01E4E42A6E0DE4002956FD = {
						CreatedOnToolsVersion = 14.3.1;
					};
				};
			};
			buildConfigurationList = FB01E4E02A6E0DE4002956FD /* Build configuration list for PBXProject "kiosk_teamProject" */;
			compatibilityVersion = "Xcode 14.0";
			developmentRegion = en;
			hasScannedForEncodings = 0;
			knownRegions = (
				en,
				Base,
			);
			mainGroup = FB01E4DC2A6E0DE4002956FD;
			productRefGroup = FB01E4E62A6E0DE4002956FD /* Products */;
			projectDirPath = "";
			projectRoot = "";
			targets = (
				FB01E4E42A6E0DE4002956FD /* kiosk_teamProject */,
			);
		};
/* End PBXProject section */

/* Begin PBXSourcesBuildPhase section */
		FB01E4E12A6E0DE4002956FD /* Sources */ = {
			isa = PBXSourcesBuildPhase;
			buildActionMask = 2147483647;
			files = (
				FB463C452A71F7CA00627D09 /* Frozens.swift in Sources */,
				FB01E4F22A6E520C002956FD /* Goods.swift in Sources */,
				FB463C442A71F7CA00627D09 /* beers.swift in Sources */,
				FB01E4F02A6E4E3A002956FD /* burgers.swift in Sources */,
				FB463C432A71F7CA00627D09 /* drinks.swift in Sources */,
				FB01E4F52A6E5559002956FD /* Menu.swift in Sources */,
				55B74AFF2A735C4100173A79 /* payment.swift in Sources */,
				FB01E4E92A6E0DE4002956FD /* main.swift in Sources */,
			);
			runOnlyForDeploymentPostprocessing = 0;
		};
/* End PBXSourcesBuildPhase section */

/* Begin XCBuildConfiguration section */
		FB01E4EA2A6E0DE4002956FD /* Debug */ = {
			isa = XCBuildConfiguration;
			buildSettings = {
				ALWAYS_SEARCH_USER_PATHS = NO;
				CLANG_ANALYZER_NONNULL = YES;
				CLANG_ANALYZER_NUMBER_OBJECT_CONVERSION = YES_AGGRESSIVE;
				CLANG_CXX_LANGUAGE_STANDARD = "gnu++20";
				CLANG_ENABLE_MODULES = YES;
				CLANG_ENABLE_OBJC_ARC = YES;
				CLANG_ENABLE_OBJC_WEAK = YES;
				CLANG_WARN_BLOCK_CAPTURE_AUTORELEASING = YES;
				CLANG_WARN_BOOL_CONVERSION = YES;
				CLANG_WARN_COMMA = YES;
				CLANG_WARN_CONSTANT_CONVERSION = YES;
				CLANG_WARN_DEPRECATED_OBJC_IMPLEMENTATIONS = YES;
				CLANG_WARN_DIRECT_OBJC_ISA_USAGE = YES_ERROR;
				CLANG_WARN_DOCUMENTATION_COMMENTS = YES;
				CLANG_WARN_EMPTY_BODY = YES;
				CLANG_WARN_ENUM_CONVERSION = YES;
				CLANG_WARN_INFINITE_RECURSION = YES;
				CLANG_WARN_INT_CONVERSION = YES;
				CLANG_WARN_NON_LITERAL_NULL_CONVERSION = YES;
				CLANG_WARN_OBJC_IMPLICIT_RETAIN_SELF = YES;
				CLANG_WARN_OBJC_LITERAL_CONVERSION = YES;
				CLANG_WARN_OBJC_ROOT_CLASS = YES_ERROR;
				CLANG_WARN_QUOTED_INCLUDE_IN_FRAMEWORK_HEADER = YES;
				CLANG_WARN_RANGE_LOOP_ANALYSIS = YES;
				CLANG_WARN_STRICT_PROTOTYPES = YES;
				CLANG_WARN_SUSPICIOUS_MOVE = YES;
				CLANG_WARN_UNGUARDED_AVAILABILITY = YES_AGGRESSIVE;
				CLANG_WARN_UNREACHABLE_CODE = YES;
				CLANG_WARN__DUPLICATE_METHOD_MATCH = YES;
				COPY_PHASE_STRIP = NO;
				DEBUG_INFORMATION_FORMAT = dwarf;
				ENABLE_STRICT_OBJC_MSGSEND = YES;
				ENABLE_TESTABILITY = YES;
				GCC_C_LANGUAGE_STANDARD = gnu11;
				GCC_DYNAMIC_NO_PIC = NO;
				GCC_NO_COMMON_BLOCKS = YES;
				GCC_OPTIMIZATION_LEVEL = 0;
				GCC_PREPROCESSOR_DEFINITIONS = (
					"DEBUG=1",
					"$(inherited)",
				);
				GCC_WARN_64_TO_32_BIT_CONVERSION = YES;
				GCC_WARN_ABOUT_RETURN_TYPE = YES_ERROR;
				GCC_WARN_UNDECLARED_SELECTOR = YES;
				GCC_WARN_UNINITIALIZED_AUTOS = YES_AGGRESSIVE;
				GCC_WARN_UNUSED_FUNCTION = YES;
				GCC_WARN_UNUSED_VARIABLE = YES;
				MACOSX_DEPLOYMENT_TARGET = 13.3;
				MTL_ENABLE_DEBUG_INFO = INCLUDE_SOURCE;
				MTL_FAST_MATH = YES;
				ONLY_ACTIVE_ARCH = YES;
				SDKROOT = macosx;
				SWIFT_ACTIVE_COMPILATION_CONDITIONS = DEBUG;
				SWIFT_OPTIMIZATION_LEVEL = "-Onone";
			};
			name = Debug;
		};
		FB01E4EB2A6E0DE4002956FD /* Release */ = {
			isa = XCBuildConfiguration;
			buildSettings = {
				ALWAYS_SEARCH_USER_PATHS = NO;
				CLANG_ANALYZER_NONNULL = YES;
				CLANG_ANALYZER_NUMBER_OBJECT_CONVERSION = YES_AGGRESSIVE;
				CLANG_CXX_LANGUAGE_STANDARD = "gnu++20";
				CLANG_ENABLE_MODULES = YES;
				CLANG_ENABLE_OBJC_ARC = YES;
				CLANG_ENABLE_OBJC_WEAK = YES;
				CLANG_WARN_BLOCK_CAPTURE_AUTORELEASING = YES;
				CLANG_WARN_BOOL_CONVERSION = YES;
				CLANG_WARN_COMMA = YES;
				CLANG_WARN_CONSTANT_CONVERSION = YES;
				CLANG_WARN_DEPRECATED_OBJC_IMPLEMENTATIONS = YES;
				CLANG_WARN_DIRECT_OBJC_ISA_USAGE = YES_ERROR;
				CLANG_WARN_DOCUMENTATION_COMMENTS = YES;
				CLANG_WARN_EMPTY_BODY = YES;
				CLANG_WARN_ENUM_CONVERSION = YES;
				CLANG_WARN_INFINITE_RECURSION = YES;
				CLANG_WARN_INT_CONVERSION = YES;
				CLANG_WARN_NON_LITERAL_NULL_CONVERSION = YES;
				CLANG_WARN_OBJC_IMPLICIT_RETAIN_SELF = YES;
				CLANG_WARN_OBJC_LITERAL_CONVERSION = YES;
				CLANG_WARN_OBJC_ROOT_CLASS = YES_ERROR;
				CLANG_WARN_QUOTED_INCLUDE_IN_FRAMEWORK_HEADER = YES;
				CLANG_WARN_RANGE_LOOP_ANALYSIS = YES;
				CLANG_WARN_STRICT_PROTOTYPES = YES;
				CLANG_WARN_SUSPICIOUS_MOVE = YES;
				CLANG_WARN_UNGUARDED_AVAILABILITY = YES_AGGRESSIVE;
				CLANG_WARN_UNREACHABLE_CODE = YES;
				CLANG_WARN__DUPLICATE_METHOD_MATCH = YES;
				COPY_PHASE_STRIP = NO;
				DEBUG_INFORMATION_FORMAT = "dwarf-with-dsym";
				ENABLE_NS_ASSERTIONS = NO;
				ENABLE_STRICT_OBJC_MSGSEND = YES;
				GCC_C_LANGUAGE_STANDARD = gnu11;
				GCC_NO_COMMON_BLOCKS = YES;
				GCC_WARN_64_TO_32_BIT_CONVERSION = YES;
				GCC_WARN_ABOUT_RETURN_TYPE = YES_ERROR;
				GCC_WARN_UNDECLARED_SELECTOR = YES;
				GCC_WARN_UNINITIALIZED_AUTOS = YES_AGGRESSIVE;
				GCC_WARN_UNUSED_FUNCTION = YES;
				GCC_WARN_UNUSED_VARIABLE = YES;
				MACOSX_DEPLOYMENT_TARGET = 13.3;
				MTL_ENABLE_DEBUG_INFO = NO;
				MTL_FAST_MATH = YES;
				SDKROOT = macosx;
				SWIFT_COMPILATION_MODE = wholemodule;
				SWIFT_OPTIMIZATION_LEVEL = "-O";
			};
			name = Release;
		};
		FB01E4ED2A6E0DE4002956FD /* Debug */ = {
			isa = XCBuildConfiguration;
			buildSettings = {
				CODE_SIGN_IDENTITY = "";
				"CODE_SIGN_IDENTITY[sdk=macosx*]" = "Apple Development";
				CODE_SIGN_STYLE = Automatic;
				DEVELOPMENT_TEAM = 825RB4NP33;
				ENABLE_HARDENED_RUNTIME = YES;
				PRODUCT_NAME = "$(TARGET_NAME)";
				SWIFT_VERSION = 5.0;
			};
			name = Debug;
		};
		FB01E4EE2A6E0DE4002956FD /* Release */ = {
			isa = XCBuildConfiguration;
			buildSettings = {
				CODE_SIGN_IDENTITY = "";
				"CODE_SIGN_IDENTITY[sdk=macosx*]" = "Apple Development";
				CODE_SIGN_STYLE = Automatic;
				DEVELOPMENT_TEAM = 825RB4NP33;
				ENABLE_HARDENED_RUNTIME = YES;
				PRODUCT_NAME = "$(TARGET_NAME)";
				SWIFT_VERSION = 5.0;
			};
			name = Release;
		};
/* End XCBuildConfiguration section */

/* Begin XCConfigurationList section */
		FB01E4E02A6E0DE4002956FD /* Build configuration list for PBXProject "kiosk_teamProject" */ = {
			isa = XCConfigurationList;
			buildConfigurations = (
				FB01E4EA2A6E0DE4002956FD /* Debug */,
				FB01E4EB2A6E0DE4002956FD /* Release */,
			);
			defaultConfigurationIsVisible = 0;
			defaultConfigurationName = Release;
		};
		FB01E4EC2A6E0DE4002956FD /* Build configuration list for PBXNativeTarget "kiosk_teamProject" */ = {
			isa = XCConfigurationList;
			buildConfigurations = (
				FB01E4ED2A6E0DE4002956FD /* Debug */,
				FB01E4EE2A6E0DE4002956FD /* Release */,
			);
			defaultConfigurationIsVisible = 0;
			defaultConfigurationName = Release;
		};
/* End XCConfigurationList section */
	};
	rootObject = FB01E4DD2A6E0DE4002956FD /* Project object */;
}
